
Microsoft Visual Studio Solution File, Format Version 12.00
# Visual Studio 15
VisualStudioVersion = 15.0.28010.2016
MinimumVisualStudioVersion = 10.0.40219.1
Project("{FAE04EC0-301F-11D3-BF4B-00C04F79EFBC}") = "EssentialTools.Models", "EssentialTools.Models\EssentialTools.Models.csproj", "{7D26BDAE-6E4A-4817-BA2F-56F4D13B3685}"
EndProject
Project("{2150E333-8FDC-42A3-9474-1A3956D46DE8}") = "Solution Items", "Solution Items", "{C93CA044-9C32-43A2-BD84-514318347CA2}"
	ProjectSection(SolutionItems) = preProject
		UnitTesting2.txt = UnitTesting2.txt
	EndProjectSection
EndProject
Global
	GlobalSection(SolutionConfigurationPlatforms) = preSolution
		Debug|Any CPU = Debug|Any CPU
		Release|Any CPU = Release|Any CPU
	EndGlobalSection
	GlobalSection(ProjectConfigurationPlatforms) = postSolution
		{7D26BDAE-6E4A-4817-BA2F-56F4D13B3685}.Debug|Any CPU.ActiveCfg = Debug|Any CPU
		{7D26BDAE-6E4A-4817-BA2F-56F4D13B3685}.Debug|Any CPU.Build.0 = Debug|Any CPU
		{7D26BDAE-6E4A-4817-BA2F-56F4D13B3685}.Release|Any CPU.ActiveCfg = Release|Any CPU
		{7D26BDAE-6E4A-4817-BA2F-56F4D13B3685}.Release|Any CPU.Build.0 = Release|Any CPU
	EndGlobalSection
	GlobalSection(SolutionProperties) = preSolution
		HideSolutionNode = FALSE
	EndGlobalSection
	GlobalSection(ExtensibilityGlobals) = postSolution
		SolutionGuid = {E7D0B6E1-3B00-47A9-BEF1-84DF06762AC5}
	EndGlobalSection
EndGlobal
